
Microsoft Visual Studio Solution File, Format Version 12.00
# Visual Studio 2012
Project("{FAE04EC0-301F-11D3-BF4B-00C04F79EFBC}") = "MaximalPlatform", "MaximalPlatform\MaximalPlatform.csproj", "{26127972-A4A9-4F8E-A758-FB084FA2308D}"
EndProject
Project("{FAE04EC0-301F-11D3-BF4B-00C04F79EFBC}") = "01.CreateAndPrintNMatrix", "01.CreateAndPrintNMatrix\01.CreateAndPrintNMatrix.csproj", "{577E7CC5-F2F2-48FC-B30D-E626EA46021B}"
EndProject
Project("{FAE04EC0-301F-11D3-BF4B-00C04F79EFBC}") = "01.CreateAndPrintNMatrix_Var2", "01.CreateAndPrintNMatrix_Var2\01.CreateAndPrintNMatrix_Var2.csproj", "{5D749386-D0DA-4CA4-A49B-246E31D1C123}"
EndProject
Project("{FAE04EC0-301F-11D3-BF4B-00C04F79EFBC}") = "01.CreateAndPrintNmatrix_Var3", "01.CreateAndPrintNmatrix_Var3\01.CreateAndPrintNmatrix_Var3.csproj", "{5312E01A-BF74-49C9-8655-F42C48F819A1}"
EndProject
Project("{FAE04EC0-301F-11D3-BF4B-00C04F79EFBC}") = "01.CreateAndPrintNmatrix_Var4", "01.CreateAndPrintNmatrix_Var4\01.CreateAndPrintNmatrix_Var4.csproj", "{19F15D02-9A12-4908-B1B0-870824AD9927}"
EndProject
Global
	GlobalSection(SolutionConfigurationPlatforms) = preSolution
		Debug|Any CPU = Debug|Any CPU
		Release|Any CPU = Release|Any CPU
	EndGlobalSection
	GlobalSection(ProjectConfigurationPlatforms) = postSolution
		{26127972-A4A9-4F8E-A758-FB084FA2308D}.Debug|Any CPU.ActiveCfg = Debug|Any CPU
		{26127972-A4A9-4F8E-A758-FB084FA2308D}.Debug|Any CPU.Build.0 = Debug|Any CPU
		{26127972-A4A9-4F8E-A758-FB084FA2308D}.Release|Any CPU.ActiveCfg = Release|Any CPU
		{26127972-A4A9-4F8E-A758-FB084FA2308D}.Release|Any CPU.Build.0 = Release|Any CPU
		{577E7CC5-F2F2-48FC-B30D-E626EA46021B}.Debug|Any CPU.ActiveCfg = Debug|Any CPU
		{577E7CC5-F2F2-48FC-B30D-E626EA46021B}.Debug|Any CPU.Build.0 = Debug|Any CPU
		{577E7CC5-F2F2-48FC-B30D-E626EA46021B}.Release|Any CPU.ActiveCfg = Release|Any CPU
		{577E7CC5-F2F2-48FC-B30D-E626EA46021B}.Release|Any CPU.Build.0 = Release|Any CPU
		{5D749386-D0DA-4CA4-A49B-246E31D1C123}.Debug|Any CPU.ActiveCfg = Debug|Any CPU
		{5D749386-D0DA-4CA4-A49B-246E31D1C123}.Debug|Any CPU.Build.0 = Debug|Any CPU
		{5D749386-D0DA-4CA4-A49B-246E31D1C123}.Release|Any CPU.ActiveCfg = Release|Any CPU
		{5D749386-D0DA-4CA4-A49B-246E31D1C123}.Release|Any CPU.Build.0 = Release|Any CPU
		{5312E01A-BF74-49C9-8655-F42C48F819A1}.Debug|Any CPU.ActiveCfg = Debug|Any CPU
		{5312E01A-BF74-49C9-8655-F42C48F819A1}.Debug|Any CPU.Build.0 = Debug|Any CPU
		{5312E01A-BF74-49C9-8655-F42C48F819A1}.Release|Any CPU.ActiveCfg = Release|Any CPU
		{5312E01A-BF74-49C9-8655-F42C48F819A1}.Release|Any CPU.Build.0 = Release|Any CPU
		{19F15D02-9A12-4908-B1B0-870824AD9927}.Debug|Any CPU.ActiveCfg = Debug|Any CPU
		{19F15D02-9A12-4908-B1B0-870824AD9927}.Debug|Any CPU.Build.0 = Debug|Any CPU
		{19F15D02-9A12-4908-B1B0-870824AD9927}.Release|Any CPU.ActiveCfg = Release|Any CPU
		{19F15D02-9A12-4908-B1B0-870824AD9927}.Release|Any CPU.Build.0 = Release|Any CPU
	EndGlobalSection
	GlobalSection(SolutionProperties) = preSolution
		HideSolutionNode = FALSE
	EndGlobalSection
EndGlobal
